
Microsoft Visual Studio Solution File, Format Version 12.00
# Visual Studio Version 17
VisualStudioVersion = 17.4.33213.308
MinimumVisualStudioVersion = 10.0.40219.1
Project("{9A19103F-16F7-4668-BE54-9A1E7A4F7556}") = "OOPExam", "OOPExam.csproj", "{947BBC92-A88C-49E7-88BD-27F19F833815}"
EndProject
Global
	GlobalSection(SolutionConfigurationPlatforms) = preSolution
		Debug|Any CPU = Debug|Any CPU
		Release|Any CPU = Release|Any CPU
	EndGlobalSection
	GlobalSection(ProjectConfigurationPlatforms) = postSolution
		{947BBC92-A88C-49E7-88BD-27F19F833815}.Debug|Any CPU.ActiveCfg = Debug|Any CPU
		{947BBC92-A88C-49E7-88BD-27F19F833815}.Debug|Any CPU.Build.0 = Debug|Any CPU
		{947BBC92-A88C-49E7-88BD-27F19F833815}.Release|Any CPU.ActiveCfg = Release|Any CPU
		{947BBC92-A88C-49E7-88BD-27F19F833815}.Release|Any CPU.Build.0 = Release|Any CPU
	EndGlobalSection
	GlobalSection(SolutionProperties) = preSolution
		HideSolutionNode = FALSE
	EndGlobalSection
	GlobalSection(ExtensibilityGlobals) = postSolution
		SolutionGuid = {945C613F-958D-4472-A929-80D314298695}
	EndGlobalSection
EndGlobal
